// !$*UTF8*$!
{
	archiveVersion = 1;
	classes = {
	};
	objectVersion = 45;
	objects = {

/* Begin PBXBuildFile section */
		1D3623260D0F684500981E51 /* MusicScannerAppDelegate.m in Sources */ = {isa = PBXBuildFile; fileRef = 1D3623250D0F684500981E51 /* MusicScannerAppDelegate.m */; };
		1D60589B0D05DD56006BFB54 /* main.m in Sources */ = {isa = PBXBuildFile; fileRef = 29B97316FDCFA39411CA2CEA /* main.m */; };
		1D60589F0D05DD5A006BFB54 /* Foundation.framework in Frameworks */ = {isa = PBXBuildFile; fileRef = 1D30AB110D05D00D00671497 /* Foundation.framework */; };
		1DF5F4E00D08C38300B7A737 /* UIKit.framework in Frameworks */ = {isa = PBXBuildFile; fileRef = 1DF5F4DF0D08C38300B7A737 /* UIKit.framework */; };
		288765FD0DF74451002DB57D /* CoreGraphics.framework in Frameworks */ = {isa = PBXBuildFile; fileRef = 288765FC0DF74451002DB57D /* CoreGraphics.framework */; };
		28AD733F0D9D9553002E5188 /* MainWindow.xib in Resources */ = {isa = PBXBuildFile; fileRef = 28AD733E0D9D9553002E5188 /* MainWindow.xib */; };
		F1829F0B10DB287B00C0AEE8 /* MusicMetaDataSaver.m in Sources */ = {isa = PBXBuildFile; fileRef = F1829F0A10DB287B00C0AEE8 /* MusicMetaDataSaver.m */; };
		F1829F3A10DB28EF00C0AEE8 /* libsqlite3.0.dylib in Frameworks */ = {isa = PBXBuildFile; fileRef = F1829F3910DB28EF00C0AEE8 /* libsqlite3.0.dylib */; };
		F182A1F910DB899800C0AEE8 /* andios.db in Resources */ = {isa = PBXBuildFile; fileRef = F182A1F810DB899800C0AEE8 /* andios.db */; };
		F1A442D610D8CF5400E36D7D /* MusicScanner.m in Sources */ = {isa = PBXBuildFile; fileRef = F1A442D510D8CF5400E36D7D /* MusicScanner.m */; };
		F1A442D810D8D11100E36D7D /* Hot.mp3 in Resources */ = {isa = PBXBuildFile; fileRef = F1A442D710D8D11100E36D7D /* Hot.mp3 */; };
		F1A442DA10D8D12300E36D7D /* audiofile.mp3 in Resources */ = {isa = PBXBuildFile; fileRef = F1A442D910D8D12300E36D7D /* audiofile.mp3 */; };
		F1A442EE10D8E82400E36D7D /* MusicScannerViewController.m in Sources */ = {isa = PBXBuildFile; fileRef = F1A442ED10D8E82400E36D7D /* MusicScannerViewController.m */; };
		F1AB4FF610D9CCC80010693A /* daoxiang.mp3 in Resources */ = {isa = PBXBuildFile; fileRef = F1AB4FF510D9CCC80010693A /* daoxiang.mp3 */; };
		F1AB515B10DA08E70010693A /* MusicMetaDataParser.m in Sources */ = {isa = PBXBuildFile; fileRef = F1AB515A10DA08E70010693A /* MusicMetaDataParser.m */; };
		F1AB515D10DA09430010693A /* AudioToolbox.framework in Frameworks */ = {isa = PBXBuildFile; fileRef = F1AB515C10DA09430010693A /* AudioToolbox.framework */; };
/* End PBXBuildFile section */

/* Begin PBXFileReference section */
		1D30AB110D05D00D00671497 /* Foundation.framework */ = {isa = PBXFileReference; lastKnownFileType = wrapper.framework; name = Foundation.framework; path = System/Library/Frameworks/Foundation.framework; sourceTree = SDKROOT; };
		1D3623240D0F684500981E51 /* MusicScannerAppDelegate.h */ = {isa = PBXFileReference; fileEncoding = 4; lastKnownFileType = sourcecode.c.h; path = MusicScannerAppDelegate.h; sourceTree = "<group>"; };
		1D3623250D0F684500981E51 /* MusicScannerAppDelegate.m */ = {isa = PBXFileReference; fileEncoding = 4; lastKnownFileType = sourcecode.c.objc; path = MusicScannerAppDelegate.m; sourceTree = "<group>"; };
		1D6058910D05DD3D006BFB54 /* MusicScanner.app */ = {isa = PBXFileReference; explicitFileType = wrapper.application; includeInIndex = 0; path = MusicScanner.app; sourceTree = BUILT_PRODUCTS_DIR; };
		1DF5F4DF0D08C38300B7A737 /* UIKit.framework */ = {isa = PBXFileReference; lastKnownFileType = wrapper.framework; name = UIKit.framework; path = System/Library/Frameworks/UIKit.framework; sourceTree = SDKROOT; };
		288765FC0DF74451002DB57D /* CoreGraphics.framework */ = {isa = PBXFileReference; lastKnownFileType = wrapper.framework; name = CoreGraphics.framework; path = System/Library/Frameworks/CoreGraphics.framework; sourceTree = SDKROOT; };
		28AD733E0D9D9553002E5188 /* MainWindow.xib */ = {isa = PBXFileReference; lastKnownFileType = file.xib; path = MainWindow.xib; sourceTree = "<group>"; };
		29B97316FDCFA39411CA2CEA /* main.m */ = {isa = PBXFileReference; fileEncoding = 4; lastKnownFileType = sourcecode.c.objc; path = main.m; sourceTree = "<group>"; };
		32CA4F630368D1EE00C91783 /* MusicScanner_Prefix.pch */ = {isa = PBXFileReference; fileEncoding = 4; lastKnownFileType = sourcecode.c.h; path = MusicScanner_Prefix.pch; sourceTree = "<group>"; };
		8D1107310486CEB800E47090 /* MusicScanner-Info.plist */ = {isa = PBXFileReference; fileEncoding = 4; lastKnownFileType = text.plist.xml; path = "MusicScanner-Info.plist"; plistStructureDefinitionIdentifier = "com.apple.xcode.plist.structure-definition.iphone.info-plist"; sourceTree = "<group>"; };
		F1829F0910DB287B00C0AEE8 /* MusicMetaDataSaver.h */ = {isa = PBXFileReference; fileEncoding = 4; lastKnownFileType = sourcecode.c.h; path = MusicMetaDataSaver.h; sourceTree = "<group>"; };
		F1829F0A10DB287B00C0AEE8 /* MusicMetaDataSaver.m */ = {isa = PBXFileReference; fileEncoding = 4; lastKnownFileType = sourcecode.c.objc; path = MusicMetaDataSaver.m; sourceTree = "<group>"; };
		F1829F3910DB28EF00C0AEE8 /* libsqlite3.0.dylib */ = {isa = PBXFileReference; lastKnownFileType = "compiled.mach-o.dylib"; name = libsqlite3.0.dylib; path = usr/lib/libsqlite3.0.dylib; sourceTree = SDKROOT; };
		F182A1F810DB899800C0AEE8 /* andios.db */ = {isa = PBXFileReference; lastKnownFileType = file; path = andios.db; sourceTree = "<group>"; };
		F1A442D410D8CF5400E36D7D /* MusicScanner.h */ = {isa = PBXFileReference; fileEncoding = 4; lastKnownFileType = sourcecode.c.h; path = MusicScanner.h; sourceTree = "<group>"; };
		F1A442D510D8CF5400E36D7D /* MusicScanner.m */ = {isa = PBXFileReference; fileEncoding = 4; lastKnownFileType = sourcecode.c.objc; path = MusicScanner.m; sourceTree = "<group>"; };
		F1A442D710D8D11100E36D7D /* Hot.mp3 */ = {isa = PBXFileReference; lastKnownFileType = audio.mp3; path = Hot.mp3; sourceTree = "<group>"; };
		F1A442D910D8D12300E36D7D /* audiofile.mp3 */ = {isa = PBXFileReference; lastKnownFileType = audio.mp3; path = audiofile.mp3; sourceTree = "<group>"; };
		F1A442EC10D8E82400E36D7D /* MusicScannerViewController.h */ = {isa = PBXFileReference; fileEncoding = 4; lastKnownFileType = sourcecode.c.h; path = MusicScannerViewController.h; sourceTree = "<group>"; };
		F1A442ED10D8E82400E36D7D /* MusicScannerViewController.m */ = {isa = PBXFileReference; fileEncoding = 4; lastKnownFileType = sourcecode.c.objc; path = MusicScannerViewController.m; sourceTree = "<group>"; };
		F1AB4FF510D9CCC80010693A /* daoxiang.mp3 */ = {isa = PBXFileReference; lastKnownFileType = audio.mp3; path = daoxiang.mp3; sourceTree = "<group>"; };
		F1AB515910DA08E70010693A /* MusicMetaDataParser.h */ = {isa = PBXFileReference; fileEncoding = 4; lastKnownFileType = sourcecode.c.h; path = MusicMetaDataParser.h; sourceTree = "<group>"; };
		F1AB515A10DA08E70010693A /* MusicMetaDataParser.m */ = {isa = PBXFileReference; fileEncoding = 4; lastKnownFileType = sourcecode.c.objc; path = MusicMetaDataParser.m; sourceTree = "<group>"; };
		F1AB515C10DA09430010693A /* AudioToolbox.framework */ = {isa = PBXFileReference; lastKnownFileType = wrapper.framework; name = AudioToolbox.framework; path = System/Library/Frameworks/AudioToolbox.framework; sourceTree = SDKROOT; };
/* End PBXFileReference section */

/* Begin PBXFrameworksBuildPhase section */
		1D60588F0D05DD3D006BFB54 /* Frameworks */ = {
			isa = PBXFrameworksBuildPhase;
			buildActionMask = 2147483647;
			files = (
				1D60589F0D05DD5A006BFB54 /* Foundation.framework in Frameworks */,
				1DF5F4E00D08C38300B7A737 /* UIKit.framework in Frameworks */,
				288765FD0DF74451002DB57D /* CoreGraphics.framework in Frameworks */,
				F1AB515D10DA09430010693A /* AudioToolbox.framework in Frameworks */,
				F1829F3A10DB28EF00C0AEE8 /* libsqlite3.0.dylib in Frameworks */,
			);
			runOnlyForDeploymentPostprocessing = 0;
		};
/* End PBXFrameworksBuildPhase section */

/* Begin PBXGroup section */
		080E96DDFE201D6D7F000001 /* Classes */ = {
			isa = PBXGroup;
			children = (
				F182A1F810DB899800C0AEE8 /* andios.db */,
				F1829F0910DB287B00C0AEE8 /* MusicMetaDataSaver.h */,
				F1829F0A10DB287B00C0AEE8 /* MusicMetaDataSaver.m */,
				1D3623240D0F684500981E51 /* MusicScannerAppDelegate.h */,
				1D3623250D0F684500981E51 /* MusicScannerAppDelegate.m */,
				F1A442D410D8CF5400E36D7D /* MusicScanner.h */,
				F1A442D510D8CF5400E36D7D /* MusicScanner.m */,
				F1A442EC10D8E82400E36D7D /* MusicScannerViewController.h */,
				F1A442ED10D8E82400E36D7D /* MusicScannerViewController.m */,
				F1AB515910DA08E70010693A /* MusicMetaDataParser.h */,
				F1AB515A10DA08E70010693A /* MusicMetaDataParser.m */,
			);
			path = Classes;
			sourceTree = "<group>";
		};
		19C28FACFE9D520D11CA2CBB /* Products */ = {
			isa = PBXGroup;
			children = (
				1D6058910D05DD3D006BFB54 /* MusicScanner.app */,
			);
			name = Products;
			sourceTree = "<group>";
		};
		29B97314FDCFA39411CA2CEA /* CustomTemplate */ = {
			isa = PBXGroup;
			children = (
				080E96DDFE201D6D7F000001 /* Classes */,
				29B97315FDCFA39411CA2CEA /* Other Sources */,
				29B97317FDCFA39411CA2CEA /* Resources */,
				29B97323FDCFA39411CA2CEA /* Frameworks */,
				19C28FACFE9D520D11CA2CBB /* Products */,
			);
			name = CustomTemplate;
			sourceTree = "<group>";
		};
		29B97315FDCFA39411CA2CEA /* Other Sources */ = {
			isa = PBXGroup;
			children = (
				32CA4F630368D1EE00C91783 /* MusicScanner_Prefix.pch */,
				29B97316FDCFA39411CA2CEA /* main.m */,
			);
			name = "Other Sources";
			sourceTree = "<group>";
		};
		29B97317FDCFA39411CA2CEA /* Resources */ = {
			isa = PBXGroup;
			children = (
				F1AB4FE410D9CC8B0010693A /* music */,
				F1A442D910D8D12300E36D7D /* audiofile.mp3 */,
				F1A442D710D8D11100E36D7D /* Hot.mp3 */,
				28AD733E0D9D9553002E5188 /* MainWindow.xib */,
				8D1107310486CEB800E47090 /* MusicScanner-Info.plist */,
			);
			name = Resources;
			sourceTree = "<group>";
		};
		29B97323FDCFA39411CA2CEA /* Frameworks */ = {
			isa = PBXGroup;
			children = (
				1DF5F4DF0D08C38300B7A737 /* UIKit.framework */,
				1D30AB110D05D00D00671497 /* Foundation.framework */,
				288765FC0DF74451002DB57D /* CoreGraphics.framework */,
				F1AB515C10DA09430010693A /* AudioToolbox.framework */,
				F1829F3910DB28EF00C0AEE8 /* libsqlite3.0.dylib */,
			);
			name = Frameworks;
			sourceTree = "<group>";
		};
		F1AB4FE410D9CC8B0010693A /* music */ = {
			isa = PBXGroup;
			children = (
				F1AB4FF510D9CCC80010693A /* daoxiang.mp3 */,
			);
			name = music;
			sourceTree = "<group>";
		};
/* End PBXGroup section */

/* Begin PBXNativeTarget section */
		1D6058900D05DD3D006BFB54 /* MusicScanner */ = {
			isa = PBXNativeTarget;
			buildConfigurationList = 1D6058960D05DD3E006BFB54 /* Build configuration list for PBXNativeTarget "MusicScanner" */;
			buildPhases = (
				1D60588D0D05DD3D006BFB54 /* Resources */,
				1D60588E0D05DD3D006BFB54 /* Sources */,
				1D60588F0D05DD3D006BFB54 /* Frameworks */,
			);
			buildRules = (
			);
			dependencies = (
			);
			name = MusicScanner;
			productName = MusicScanner;
			productReference = 1D6058910D05DD3D006BFB54 /* MusicScanner.app */;
			productType = "com.apple.product-type.application";
		};
/* End PBXNativeTarget section */

/* Begin PBXProject section */
		29B97313FDCFA39411CA2CEA /* Project object */ = {
			isa = PBXProject;
			buildConfigurationList = C01FCF4E08A954540054247B /* Build configuration list for PBXProject "MusicScanner" */;
			compatibilityVersion = "Xcode 3.1";
			hasScannedForEncodings = 1;
			mainGroup = 29B97314FDCFA39411CA2CEA /* CustomTemplate */;
			projectDirPath = "";
			projectRoot = "";
			targets = (
				1D6058900D05DD3D006BFB54 /* MusicScanner */,
			);
		};
/* End PBXProject section */

/* Begin PBXResourcesBuildPhase section */
		1D60588D0D05DD3D006BFB54 /* Resources */ = {
			isa = PBXResourcesBuildPhase;
			buildActionMask = 2147483647;
			files = (
				28AD733F0D9D9553002E5188 /* MainWindow.xib in Resources */,
				F1A442D810D8D11100E36D7D /* Hot.mp3 in Resources */,
				F1A442DA10D8D12300E36D7D /* audiofile.mp3 in Resources */,
				F1AB4FF610D9CCC80010693A /* daoxiang.mp3 in Resources */,
				F182A1F910DB899800C0AEE8 /* andios.db in Resources */,
			);
			runOnlyForDeploymentPostprocessing = 0;
		};
/* End PBXResourcesBuildPhase section */

/* Begin PBXSourcesBuildPhase section */
		1D60588E0D05DD3D006BFB54 /* Sources */ = {
			isa = PBXSourcesBuildPhase;
			buildActionMask = 2147483647;
			files = (
				1D60589B0D05DD56006BFB54 /* main.m in Sources */,
				1D3623260D0F684500981E51 /* MusicScannerAppDelegate.m in Sources */,
				F1A442D610D8CF5400E36D7D /* MusicScanner.m in Sources */,
				F1A442EE10D8E82400E36D7D /* MusicScannerViewController.m in Sources */,
				F1AB515B10DA08E70010693A /* MusicMetaDataParser.m in Sources */,
				F1829F0B10DB287B00C0AEE8 /* MusicMetaDataSaver.m in Sources */,
			);
			runOnlyForDeploymentPostprocessing = 0;
		};
/* End PBXSourcesBuildPhase section */

/* Begin XCBuildConfiguration section */
		1D6058940D05DD3E006BFB54 /* Debug */ = {
			isa = XCBuildConfiguration;
			buildSettings = {
				ALWAYS_SEARCH_USER_PATHS = NO;
				COPY_PHASE_STRIP = NO;
				GCC_DYNAMIC_NO_PIC = NO;
				GCC_OPTIMIZATION_LEVEL = 0;
				GCC_PRECOMPILE_PREFIX_HEADER = YES;
				GCC_PREFIX_HEADER = MusicScanner_Prefix.pch;
				INFOPLIST_FILE = "MusicScanner-Info.plist";
				LIBRARY_SEARCH_PATHS = (
					"$(inherited)",
					"\"$(SRCROOT)\"",
				);
				PRODUCT_NAME = MusicScanner;
			};
			name = Debug;
		};
		1D6058950D05DD3E006BFB54 /* Release */ = {
			isa = XCBuildConfiguration;
			buildSettings = {
				ALWAYS_SEARCH_USER_PATHS = NO;
				COPY_PHASE_STRIP = YES;
				GCC_PRECOMPILE_PREFIX_HEADER = YES;
				GCC_PREFIX_HEADER = MusicScanner_Prefix.pch;
				INFOPLIST_FILE = "MusicScanner-Info.plist";
				LIBRARY_SEARCH_PATHS = (
					"$(inherited)",
					"\"$(SRCROOT)\"",
				);
				PRODUCT_NAME = MusicScanner;
			};
			name = Release;
		};
		C01FCF4F08A954540054247B /* Debug */ = {
			isa = XCBuildConfiguration;
			buildSettings = {
				ARCHS = "$(ARCHS_STANDARD_32_BIT)";
				"CODE_SIGN_IDENTITY[sdk=iphoneos*]" = "iPhone Developer";
				GCC_C_LANGUAGE_STANDARD = c99;
				GCC_WARN_ABOUT_RETURN_TYPE = YES;
				GCC_WARN_UNUSED_VARIABLE = YES;
				PREBINDING = NO;
				SDKROOT = iphoneos3.1.2;
			};
			name = Debug;
		};
		C01FCF5008A954540054247B /* Release */ = {
			isa = XCBuildConfiguration;
			buildSettings = {
				ARCHS = "$(ARCHS_STANDARD_32_BIT)";
				"CODE_SIGN_IDENTITY[sdk=iphoneos*]" = "iPhone Developer";
				GCC_C_LANGUAGE_STANDARD = c99;
				GCC_WARN_ABOUT_RETURN_TYPE = YES;
				GCC_WARN_UNUSED_VARIABLE = YES;
				PREBINDING = NO;
				SDKROOT = iphoneos3.1.2;
			};
			name = Release;
		};
/* End XCBuildConfiguration section */

/* Begin XCConfigurationList section */
		1D6058960D05DD3E006BFB54 /* Build configuration list for PBXNativeTarget "MusicScanner" */ = {
			isa = XCConfigurationList;
			buildConfigurations = (
				1D6058940D05DD3E006BFB54 /* Debug */,
				1D6058950D05DD3E006BFB54 /* Release */,
			);
			defaultConfigurationIsVisible = 0;
			defaultConfigurationName = Release;
		};
		C01FCF4E08A954540054247B /* Build configuration list for PBXProject "MusicScanner" */ = {
			isa = XCConfigurationList;
			buildConfigurations = (
				C01FCF4F08A954540054247B /* Debug */,
				C01FCF5008A954540054247B /* Release */,
			);
			defaultConfigurationIsVisible = 0;
			defaultConfigurationName = Release;
		};
/* End XCConfigurationList section */
	};
	rootObject = 29B97313FDCFA39411CA2CEA /* Project object */;
}
